	<Project xmlns="http://schemas.microsoft.com/developer/msbuild/2003">
		<PropertyGroup>
			<ProjectGuid>{6B964A7A-4AAF-4755-8E5E-BF0EB78C8BEE}</ProjectGuid>
			<MainSource>Game.dpr</MainSource>
			<Base>True</Base>
			<Config Condition="'$(Config)'==''">Debug</Config>
			<TargetedPlatforms>3</TargetedPlatforms>
			<AppType>Application</AppType>
			<FrameworkType>VCL</FrameworkType>
			<ProjectVersion>13.4</ProjectVersion>
			<Platform Condition="'$(Platform)'==''">Win32</Platform>
		</PropertyGroup>
		<PropertyGroup Condition="'$(Config)'=='Base' or '$(Base)'!=''">
			<Base>true</Base>
		</PropertyGroup>
		<PropertyGroup Condition="('$(Platform)'=='Win64' and '$(Base)'=='true') or '$(Base_Win64)'!=''">
			<Base_Win64>true</Base_Win64>
			<CfgParent>Base</CfgParent>
			<Base>true</Base>
		</PropertyGroup>
		<PropertyGroup Condition="('$(Platform)'=='Win32' and '$(Base)'=='true') or '$(Base_Win32)'!=''">
			<Base_Win32>true</Base_Win32>
			<CfgParent>Base</CfgParent>
			<Base>true</Base>
		</PropertyGroup>
		<PropertyGroup Condition="'$(Config)'=='Release' or '$(Cfg_1)'!=''">
			<Cfg_1>true</Cfg_1>
			<CfgParent>Base</CfgParent>
			<Base>true</Base>
		</PropertyGroup>
		<PropertyGroup Condition="('$(Platform)'=='Win64' and '$(Cfg_1)'=='true') or '$(Cfg_1_Win64)'!=''">
			<Cfg_1_Win64>true</Cfg_1_Win64>
			<CfgParent>Cfg_1</CfgParent>
			<Cfg_1>true</Cfg_1>
			<Base>true</Base>
		</PropertyGroup>
		<PropertyGroup Condition="('$(Platform)'=='Win32' and '$(Cfg_1)'=='true') or '$(Cfg_1_Win32)'!=''">
			<Cfg_1_Win32>true</Cfg_1_Win32>
			<CfgParent>Cfg_1</CfgParent>
			<Cfg_1>true</Cfg_1>
			<Base>true</Base>
		</PropertyGroup>
		<PropertyGroup Condition="'$(Config)'=='Debug' or '$(Cfg_2)'!=''">
			<Cfg_2>true</Cfg_2>
			<CfgParent>Base</CfgParent>
			<Base>true</Base>
		</PropertyGroup>
		<PropertyGroup Condition="('$(Platform)'=='Win32' and '$(Cfg_2)'=='true') or '$(Cfg_2_Win32)'!=''">
			<Cfg_2_Win32>true</Cfg_2_Win32>
			<CfgParent>Cfg_2</CfgParent>
			<Cfg_2>true</Cfg_2>
			<Base>true</Base>
		</PropertyGroup>
		<PropertyGroup Condition="'$(Base)'!=''">
			<DCC_IOChecking>false</DCC_IOChecking>
			<DCC_UsePackage>vcl;rtl;vclx;indy;inet;xmlrtl;vclie;inetdbbde;inetdbxpress;dbrtl;dsnap;dsnapcon;vcldb;soaprtl;VclSmp;dbexpress;dbxcds;inetdb;bdertl;vcldbx;webdsnap;websnap;adortl;ibxpress;teeui;teedb;tee;dss;visualclx;visualdbclx;vclactnband;vclshlctrls;dclOfficeXP;AsphyrePackage;$(DCC_UsePackage)</DCC_UsePackage>
			<VerInfo_Keys>CompanyName=;FileDescription=;FileVersion=1.0.0.0;InternalName=;LegalCopyright=;LegalTrademarks=;OriginalFilename=;ProductName=;ProductVersion=1.0.0.0;Comments=</VerInfo_Keys>
			<DCC_Namespace>Vcl;Vcl.Imaging;Vcl.Touch;Vcl.Samples;Vcl.Shell;System;Xml;Data;Datasnap;Web;Soap;Winapi;$(DCC_Namespace)</DCC_Namespace>
			<DCC_ConsoleTarget>true</DCC_ConsoleTarget>
			<DCC_ImageBase>00400000</DCC_ImageBase>
			<DCC_SymbolReferenceInfo>1</DCC_SymbolReferenceInfo>
			<DCC_K>false</DCC_K>
			<DCC_N>true</DCC_N>
			<DCC_S>false</DCC_S>
			<VerInfo_Locale>1053</VerInfo_Locale>
			<DCC_E>false</DCC_E>
			<DCC_F>false</DCC_F>
		</PropertyGroup>
		<PropertyGroup Condition="'$(Base_Win64)'!=''">
			<VerInfo_IncludeVerInfo>true</VerInfo_IncludeVerInfo>
			<DCC_Namespace>System.Win;Data.Win;Datasnap.Win;Web.Win;Soap.Win;Xml.Win;$(DCC_Namespace)</DCC_Namespace>
			<VerInfo_Locale>1033</VerInfo_Locale>
			<Manifest_File>$(BDS)\bin\default_app.manifest</Manifest_File>
			<Icon_MainIcon>DungeonCube_Icon.ico</Icon_MainIcon>
		</PropertyGroup>
		<PropertyGroup Condition="'$(Base_Win32)'!=''">
			<Debugger_RunParams>-logger -packet -license -patch -dev -version:1.0.1 -user:drDingyBugs -pass:thekeyofawesome -serial:theserialofawesome555111</Debugger_RunParams>
			<VerInfo_IncludeVerInfo>true</VerInfo_IncludeVerInfo>
			<Icon_MainIcon>DungeonCube_Icon.ico</Icon_MainIcon>
			<DCC_Namespace>System.Win;Data.Win;Datasnap.Win;Web.Win;Soap.Win;Xml.Win;Bde;$(DCC_Namespace)</DCC_Namespace>
			<VerInfo_Locale>1033</VerInfo_Locale>
			<Manifest_File>$(BDS)\bin\default_app.manifest</Manifest_File>
			<VerInfo_Keys>CompanyName=;FileDescription=;FileVersion=1.0.0.0;InternalName=;LegalCopyright=;LegalTrademarks=;OriginalFilename=;ProductName=;ProductVersion=1.0.0.0;Comments=</VerInfo_Keys>
		</PropertyGroup>
		<PropertyGroup Condition="'$(Cfg_1)'!=''">
			<DCC_LocalDebugSymbols>false</DCC_LocalDebugSymbols>
			<DCC_DebugInformation>false</DCC_DebugInformation>
			<DCC_SymbolReferenceInfo>0</DCC_SymbolReferenceInfo>
			<DCC_Define>RELEASE;$(DCC_Define)</DCC_Define>
		</PropertyGroup>
		<PropertyGroup Condition="'$(Cfg_1_Win64)'!=''">
			<Icon_MainIcon>DungeonIcon.ico</Icon_MainIcon>
			<VerInfo_IncludeVerInfo>true</VerInfo_IncludeVerInfo>
			<VerInfo_Locale>1033</VerInfo_Locale>
		</PropertyGroup>
		<PropertyGroup Condition="'$(Cfg_1_Win32)'!=''">
			<DCC_ConsoleTarget>false</DCC_ConsoleTarget>
			<DCC_OutputXMLDocumentation>true</DCC_OutputXMLDocumentation>
			<DCC_OutputDependencies>true</DCC_OutputDependencies>
			<DCC_Description>DungeonCube Main Executable</DCC_Description>
			<DCC_DcuOutput>C:\Users\kraken\Desktop\Dgc Project\Game\</DCC_DcuOutput>
			<DCC_AssertionsAtRuntime>false</DCC_AssertionsAtRuntime>
			<DCC_ExeOutput>C:\Users\kraken\Desktop\Dgc Project\&apos; Build\deploy\</DCC_ExeOutput>
			<Icon_MainIcon>DungeonIcon.ico</Icon_MainIcon>
			<VerInfo_Keys>CompanyName=chilimannen;FileDescription=The Main Executable In DungeonCube: ARENA;FileVersion=0.6.0.0;InternalName=;LegalCopyright=2013;LegalTrademarks=chilimannen;OriginalFilename=;ProductName=DungeonCube: ARENA;ProductVersion=0.6.0.0;Comments=This File Is Subject To Change Over Time</VerInfo_Keys>
			<VerInfo_MinorVer>6</VerInfo_MinorVer>
			<VerInfo_MajorVer>0</VerInfo_MajorVer>
			<Manifest_File>None</Manifest_File>
			<Debugger_RunParams>-dev -ping -nosound -user:chilimannen -pass:therootfrukts12 -version:1.0.6 -serial:akAo32jAii39jKa882MaWb3K1</Debugger_RunParams>
			<VerInfo_IncludeVerInfo>true</VerInfo_IncludeVerInfo>
			<VerInfo_Locale>1033</VerInfo_Locale>
		</PropertyGroup>
		<PropertyGroup Condition="'$(Cfg_2)'!=''">
			<DCC_Define>DEBUG;$(DCC_Define)</DCC_Define>
			<DCC_Optimize>false</DCC_Optimize>
			<DCC_GenerateStackFrames>true</DCC_GenerateStackFrames>
		</PropertyGroup>
		<PropertyGroup Condition="'$(Cfg_2_Win32)'!=''">
			<DCC_DebugInfoInExe>true</DCC_DebugInfoInExe>
			<Debugger_RunParams>-window -nosound -packet -dev -version:1.0.1 -user:MrChilimannen -pass:mightypasswords -serial:lics1-lics2-lics3-lics4-lics5</Debugger_RunParams>
			<DCC_ExeOutput>C:\Users\Robin\Documents\Programming\Dgc Project\Build\deploy\</DCC_ExeOutput>
			<Icon_MainIcon>Game_Icon.ico</Icon_MainIcon>
			<DCC_DcuOutput>\Game</DCC_DcuOutput>
			<Manifest_File>None</Manifest_File>
			<VerInfo_IncludeVerInfo>true</VerInfo_IncludeVerInfo>
			<VerInfo_Locale>1033</VerInfo_Locale>
		</PropertyGroup>
		<ItemGroup>
			<DelphiCompile Include="$(MainSource)">
				<MainSource>MainSource</MainSource>
			</DelphiCompile>
			<DCCReference Include="Main.pas">
				<Form>RenderForm</Form>
			</DCCReference>
			<DCCReference Include="Engine_Player.pas"/>
			<DCCReference Include="System_Camera.pas"/>
			<DCCReference Include="System_Keyboard.pas"/>
			<DCCReference Include="System_Ping.pas"/>
			<DCCReference Include="System_Initializer.pas"/>
			<DCCReference Include="GUI_LoginScreen.pas"/>
			<DCCReference Include="GUI_Bars.pas"/>
			<DCCReference Include="Network_MetaServer.pas"/>
			<DCCReference Include="Conf_Protocol.pas"/>
			<DCCReference Include="Engine_Particles.pas"/>
			<DCCReference Include="Network_WorldServer.pas"/>
			<DCCReference Include="Engine_Map.pas"/>
			<DCCReference Include="Effects_Blending.pas"/>
			<DCCReference Include="Engine_Projectiles.pas"/>
			<DCCReference Include="Debug_Stopwatch.pas"/>
			<DCCReference Include="Network_World.pas"/>
			<DCCReference Include="System_Multiplayer.pas"/>
			<DCCReference Include="System_Text.pas"/>
			<DCCReference Include="System_Log.pas"/>
			<DCCReference Include="System_Animation.pas"/>
			<DCCReference Include="Conf_Spritemap.pas"/>
			<DCCReference Include="GUI_Chat.pas"/>
			<DCCReference Include="GUI_Menu.pas"/>
			<DCCReference Include="GUI_StatusBox.pas"/>
			<DCCReference Include="GUI_SkillBar.pas"/>
			<DCCReference Include="GUI_Inventory.pas"/>
			<DCCReference Include="Effects_Fire.pas"/>
			<DCCReference Include="Effects_Lightning.pas"/>
			<DCCReference Include="System_Spells.pas"/>
			<DCCReference Include="GUI_Targeting.pas"/>
			<DCCReference Include="Effects_Splat.pas"/>
			<DCCReference Include="GUI_License.pas"/>
			<DCCReference Include="GUI_Banner.pas"/>
			<DCCReference Include="Automated_Tests.pas"/>
			<DCCReference Include="System_Mouse.pas"/>
			<DCCReference Include="GUI_ServerSelect.pas"/>
			<DCCReference Include="GUI_CharSelect.pas"/>
			<DCCReference Include="System_DayTime.pas"/>
			<DCCReference Include="Map_Trees.pas"/>
			<DCCReference Include="GUI_Windowed.pas"/>
			<DCCReference Include="GUI_SplashMain.pas"/>
			<DCCReference Include="System_GUIStrapper.pas"/>
			<DCCReference Include="GUI_Element.pas"/>
			<DCCReference Include="GUI_Element_Background.pas"/>
			<DCCReference Include="GUI_Element_Button.pas"/>
			<DCCReference Include="GUI_Element_Edit.pas"/>
			<DCCReference Include="GUI_Element_Image.pas"/>
			<DCCReference Include="GUI_Element_Panel.pas"/>
			<DCCReference Include="GUI_Element_Text.pas"/>
			<DCCReference Include="GUI_Element_TextLines.pas"/>
			<DCCReference Include="GUI_Engine.pas"/>
			<DCCReference Include="GUI_TextFilter.pas"/>
			<DCCReference Include="Mouse_Proxy.pas"/>
			<DCCReference Include="Rectarea.pas"/>
			<DCCReference Include="System_Audio.pas"/>
			<DCCReference Include="System_UtilExt.pas"/>
			<DCCReference Include="System_CipherIO.pas"/>
			<DCCReference Include="Effects_Smoke.pas"/>
			<DCCReference Include="GUI_MiniMap.pas"/>
			<DCCReference Include="Effects_Water.pas"/>
			<DCCReference Include="System_Items.pas"/>
			<RcItem Include="main.cur">
				<ResourceType>CURSOR</ResourceType>
				<ResourceId>maincur</ResourceId>
			</RcItem>
			<BuildConfiguration Include="Debug">
				<Key>Cfg_2</Key>
				<CfgParent>Base</CfgParent>
			</BuildConfiguration>
			<BuildConfiguration Include="Base">
				<Key>Base</Key>
			</BuildConfiguration>
			<BuildConfiguration Include="Release">
				<Key>Cfg_1</Key>
				<CfgParent>Base</CfgParent>
			</BuildConfiguration>
		</ItemGroup>
		<ProjectExtensions>
			<Borland.Personality>Delphi.Personality.12</Borland.Personality>
			<Borland.ProjectType/>
			<BorlandProject>
				<Delphi.Personality>
					<Source>
						<Source Name="MainSource">Game.dpr</Source>
					</Source>
					<VersionInfo>
						<VersionInfo Name="IncludeVerInfo">False</VersionInfo>
						<VersionInfo Name="AutoIncBuild">False</VersionInfo>
						<VersionInfo Name="MajorVer">1</VersionInfo>
						<VersionInfo Name="MinorVer">0</VersionInfo>
						<VersionInfo Name="Release">0</VersionInfo>
						<VersionInfo Name="Build">0</VersionInfo>
						<VersionInfo Name="Debug">False</VersionInfo>
						<VersionInfo Name="PreRelease">False</VersionInfo>
						<VersionInfo Name="Special">False</VersionInfo>
						<VersionInfo Name="Private">False</VersionInfo>
						<VersionInfo Name="DLL">False</VersionInfo>
						<VersionInfo Name="Locale">1053</VersionInfo>
						<VersionInfo Name="CodePage">1252</VersionInfo>
					</VersionInfo>
					<VersionInfoKeys>
						<VersionInfoKeys Name="CompanyName"/>
						<VersionInfoKeys Name="FileDescription"/>
						<VersionInfoKeys Name="FileVersion">1.0.0.0</VersionInfoKeys>
						<VersionInfoKeys Name="InternalName"/>
						<VersionInfoKeys Name="LegalCopyright"/>
						<VersionInfoKeys Name="LegalTrademarks"/>
						<VersionInfoKeys Name="OriginalFilename"/>
						<VersionInfoKeys Name="ProductName"/>
						<VersionInfoKeys Name="ProductVersion">1.0.0.0</VersionInfoKeys>
						<VersionInfoKeys Name="Comments"/>
					</VersionInfoKeys>
					<Excluded_Packages>
						<Excluded_Packages Name="$(BDSBIN)\dcloffice2k160.bpl">Microsoft Office 2000 Sample Automation Server Wrapper Components</Excluded_Packages>
						<Excluded_Packages Name="$(BDSBIN)\dclofficexp160.bpl">Microsoft Office XP Sample Automation Server Wrapper Components</Excluded_Packages>
					</Excluded_Packages>
				</Delphi.Personality>
				<Platforms>
					<Platform value="Win64">True</Platform>
					<Platform value="Win32">True</Platform>
				</Platforms>
				<Deployment>
					<DeployFile Class="ProjectOutput" Configuration="Release" LocalName="..\' Build\deploy\Game.exe">
						<Platform Name="Win32"/>
					</DeployFile>
					<DeployFile Class="DebugSymbols" Configuration="Release" LocalName="..\' Build\deploy\Game.rsm">
						<Platform Name="Win32">
							<RemoteName>Game.rsm</RemoteName>
						</Platform>
					</DeployFile>
					<DeployClass Name="ProjectOutput" Required="true">
						<Platform Name="OSX32">
							<RemoteDir>Contents\MacOS</RemoteDir>
							<Operation>1</Operation>
						</Platform>
						<Platform Name="Win32">
							<Operation>0</Operation>
						</Platform>
					</DeployClass>
					<DeployClass Name="DependencyPackage" Required="true">
						<Platform Name="OSX32">
							<RemoteDir>Contents\MacOS</RemoteDir>
							<Operation>1</Operation>
							<Extensions>.dylib</Extensions>
						</Platform>
						<Platform Name="Win32">
							<Operation>0</Operation>
							<Extensions>.bpl</Extensions>
						</Platform>
					</DeployClass>
					<DeployClass Name="DependencyModule">
						<Platform Name="OSX32">
							<RemoteDir>Contents\MacOS</RemoteDir>
							<Operation>1</Operation>
							<Extensions>.dylib</Extensions>
						</Platform>
						<Platform Name="Win32">
							<Operation>0</Operation>
							<Extensions>.dll;.bpl</Extensions>
						</Platform>
					</DeployClass>
					<DeployClass Name="ProjectOSXInfoPList">
						<Platform Name="OSX32">
							<RemoteDir>Contents</RemoteDir>
							<Operation>1</Operation>
						</Platform>
					</DeployClass>
					<DeployClass Name="File">
						<Platform Name="OSX32">
							<RemoteDir>Contents\MacOS</RemoteDir>
							<Operation>0</Operation>
						</Platform>
						<Platform Name="Win32">
							<Operation>0</Operation>
						</Platform>
					</DeployClass>
					<DeployClass Name="DebugSymbols">
						<Platform Name="OSX32">
							<RemoteDir>Contents\MacOS</RemoteDir>
							<Operation>1</Operation>
						</Platform>
						<Platform Name="Win32">
							<Operation>0</Operation>
						</Platform>
					</DeployClass>
					<DeployClass Name="DependencyFramework">
						<Platform Name="OSX32">
							<RemoteDir>Contents\MacOS</RemoteDir>
							<Operation>1</Operation>
							<Extensions>.framework</Extensions>
						</Platform>
						<Platform Name="Win32">
							<Operation>0</Operation>
						</Platform>
					</DeployClass>
					<DeployClass Name="AdditionalDebugSymbols">
						<Platform Name="OSX32">
							<RemoteDir>Contents\MacOS</RemoteDir>
							<Operation>1</Operation>
						</Platform>
						<Platform Name="Win32">
							<Operation>0</Operation>
						</Platform>
					</DeployClass>
					<DeployClass Name="ProjectOSXResource">
						<Platform Name="OSX32">
							<RemoteDir>Contents\Resources</RemoteDir>
							<Operation>1</Operation>
						</Platform>
					</DeployClass>
					<ProjectRoot Name="$(PROJECTNAME).app" Platform="OSX32"/>
					<ProjectRoot Name="$(PROJECTNAME)" Platform="Win64"/>
					<ProjectRoot Name="$(PROJECTNAME)" Platform="Win32"/>
				</Deployment>
				<ModelSupport>False</ModelSupport>
			</BorlandProject>
			<ProjectFileVersion>12</ProjectFileVersion>
		</ProjectExtensions>
		<Import Condition="Exists('$(BDS)\Bin\CodeGear.Delphi.Targets')" Project="$(BDS)\Bin\CodeGear.Delphi.Targets"/>
		<Import Condition="Exists('$(APPDATA)\Embarcadero\$(BDSAPPDATABASEDIR)\$(PRODUCTVERSION)\UserTools.proj')" Project="$(APPDATA)\Embarcadero\$(BDSAPPDATABASEDIR)\$(PRODUCTVERSION)\UserTools.proj"/>
		<Import Condition="Exists('$(MSBuildProjectName).deployproj')" Project="$(MSBuildProjectName).deployproj"/>
	</Project>
